
Microsoft Visual Studio Solution File, Format Version 12.00
# Visual Studio Version 17
VisualStudioVersion = 17.5.33530.505
MinimumVisualStudioVersion = 10.0.40219.1
Project("{9A19103F-16F7-4668-BE54-9A1E7A4F7556}") = "UI", "..\UI\UI.csproj", "{F5BC5723-4C4B-4084-B66F-628C20B3B148}"
EndProject
Project("{FAE04EC0-301F-11D3-BF4B-00C04F79EFBC}") = "DAL", "DAL\DAL.csproj", "{06FA39FB-1147-4808-A55F-3323969D5EBC}"
EndProject
Global
	GlobalSection(SolutionConfigurationPlatforms) = preSolution
		Debug|Any CPU = Debug|Any CPU
		Release|Any CPU = Release|Any CPU
	EndGlobalSection
	GlobalSection(ProjectConfigurationPlatforms) = postSolution
		{F5BC5723-4C4B-4084-B66F-628C20B3B148}.Debug|Any CPU.ActiveCfg = Debug|Any CPU
		{F5BC5723-4C4B-4084-B66F-628C20B3B148}.Debug|Any CPU.Build.0 = Debug|Any CPU
		{F5BC5723-4C4B-4084-B66F-628C20B3B148}.Release|Any CPU.ActiveCfg = Release|Any CPU
		{F5BC5723-4C4B-4084-B66F-628C20B3B148}.Release|Any CPU.Build.0 = Release|Any CPU
		{06FA39FB-1147-4808-A55F-3323969D5EBC}.Debug|Any CPU.ActiveCfg = Debug|Any CPU
		{06FA39FB-1147-4808-A55F-3323969D5EBC}.Debug|Any CPU.Build.0 = Debug|Any CPU
		{06FA39FB-1147-4808-A55F-3323969D5EBC}.Release|Any CPU.ActiveCfg = Release|Any CPU
		{06FA39FB-1147-4808-A55F-3323969D5EBC}.Release|Any CPU.Build.0 = Release|Any CPU
	EndGlobalSection
	GlobalSection(SolutionProperties) = preSolution
		HideSolutionNode = FALSE
	EndGlobalSection
	GlobalSection(ExtensibilityGlobals) = postSolution
		SolutionGuid = {7D4E7BBA-ED13-4E7F-B678-B794190E1434}
	EndGlobalSection
EndGlobal
